{
  "name": "bonita-connector-rest",
  "lockfileVersion": 3,
  "requires": true,
  "packages": {
    "": {
      "name": "bonita-connector-rest",
      "dependencies": {
        "bonita-connector-rest": "file:"
      }
    },
    "node_modules/bonita-connector-rest": {
      "resolved": "",
      "link": true
    }
  }
}
